
Microsoft Visual Studio Solution File, Format Version 12.00
# Visual Studio Version 17
VisualStudioVersion = 17.13.35806.99 d17.13
MinimumVisualStudioVersion = 10.0.40219.1
Project("{FAE04EC0-301F-11D3-BF4B-00C04F79EFBC}") = "chat", "chat.csproj", "{50534D44-9F9F-4034-91AF-E4E0AA92D782}"
EndProject
Global
	GlobalSection(SolutionConfigurationPlatforms) = preSolution
		Debug|Any CPU = Debug|Any CPU
		Release|Any CPU = Release|Any CPU
	EndGlobalSection
	GlobalSection(ProjectConfigurationPlatforms) = postSolution
		{50534D44-9F9F-4034-91AF-E4E0AA92D782}.Debug|Any CPU.ActiveCfg = Debug|Any CPU
		{50534D44-9F9F-4034-91AF-E4E0AA92D782}.Debug|Any CPU.Build.0 = Debug|Any CPU
		{50534D44-9F9F-4034-91AF-E4E0AA92D782}.Release|Any CPU.ActiveCfg = Release|Any CPU
		{50534D44-9F9F-4034-91AF-E4E0AA92D782}.Release|Any CPU.Build.0 = Release|Any CPU
	EndGlobalSection
	GlobalSection(SolutionProperties) = preSolution
		HideSolutionNode = FALSE
	EndGlobalSection
	GlobalSection(ExtensibilityGlobals) = postSolution
		SolutionGuid = {E8D8E555-EC4C-4062-BD51-334821B7A6A4}
	EndGlobalSection
EndGlobal
